
Microsoft Visual Studio Solution File, Format Version 12.00
# Visual Studio Version 16
VisualStudioVersion = 16.0.30804.86
MinimumVisualStudioVersion = 10.0.40219.1
Project("{FAE04EC0-301F-11D3-BF4B-00C04F79EFBC}") = "Run, button! RUN!!", "Run, button! RUN!!.csproj", "{6CDA18ED-1635-410D-84BC-6C3355696068}"
EndProject
Global
	GlobalSection(SolutionConfigurationPlatforms) = preSolution
		Debug|Any CPU = Debug|Any CPU
		Release|Any CPU = Release|Any CPU
	EndGlobalSection
	GlobalSection(ProjectConfigurationPlatforms) = postSolution
		{6CDA18ED-1635-410D-84BC-6C3355696068}.Debug|Any CPU.ActiveCfg = Debug|Any CPU
		{6CDA18ED-1635-410D-84BC-6C3355696068}.Debug|Any CPU.Build.0 = Debug|Any CPU
		{6CDA18ED-1635-410D-84BC-6C3355696068}.Release|Any CPU.ActiveCfg = Release|Any CPU
		{6CDA18ED-1635-410D-84BC-6C3355696068}.Release|Any CPU.Build.0 = Release|Any CPU
	EndGlobalSection
	GlobalSection(SolutionProperties) = preSolution
		HideSolutionNode = FALSE
	EndGlobalSection
	GlobalSection(ExtensibilityGlobals) = postSolution
		SolutionGuid = {C4A0D834-1931-4264-A29C-1D8C85B70A63}
	EndGlobalSection
EndGlobal
